// !$*UTF8*$!
{
	archiveVersion = 1;
	classes = {
	};
	objectVersion = 48;
	objects = {

/* Begin PBXBuildFile section */
		C2196CAB2116410500B7D220 /* ACTableViewCell.m in Sources */ = {isa = PBXBuildFile; fileRef = C2196CAA2116410500B7D220 /* ACTableViewCell.m */; };
		C260EC5E211590C1004D88D5 /* CTviewcontroller.m in Sources */ = {isa = PBXBuildFile; fileRef = C260EC5D211590C1004D88D5 /* CTviewcontroller.m */; };
		C260EC622115918E004D88D5 /* Hviewcontroller.m in Sources */ = {isa = PBXBuildFile; fileRef = C260EC612115918E004D88D5 /* Hviewcontroller.m */; };
		C260EC66211634BD004D88D5 /* ACviewcontroller.m in Sources */ = {isa = PBXBuildFile; fileRef = C260EC65211634BD004D88D5 /* ACviewcontroller.m */; };
		E702ADB221103D5500C34D71 /* MHViewController.m in Sources */ = {isa = PBXBuildFile; fileRef = E702ADB121103D5500C34D71 /* MHViewController.m */; };
		E702ADB5211040A800C34D71 /* BIviewcontroller.m in Sources */ = {isa = PBXBuildFile; fileRef = E702ADB4211040A800C34D71 /* BIviewcontroller.m */; };
		E707F867210EF3C3007109EF /* TextViewUI.m in Sources */ = {isa = PBXBuildFile; fileRef = E707F866210EF3C3007109EF /* TextViewUI.m */; };
		E760584120FDACED0027B500 /* AppDelegate.m in Sources */ = {isa = PBXBuildFile; fileRef = E760584020FDACED0027B500 /* AppDelegate.m */; };
		E760584420FDACED0027B500 /* ViewController.m in Sources */ = {isa = PBXBuildFile; fileRef = E760584320FDACED0027B500 /* ViewController.m */; };
		E760584720FDACED0027B500 /* Main.storyboard in Resources */ = {isa = PBXBuildFile; fileRef = E760584520FDACED0027B500 /* Main.storyboard */; };
		E760584920FDACED0027B500 /* Assets.xcassets in Resources */ = {isa = PBXBuildFile; fileRef = E760584820FDACED0027B500 /* Assets.xcassets */; };
		E760584C20FDACED0027B500 /* LaunchScreen.storyboard in Resources */ = {isa = PBXBuildFile; fileRef = E760584A20FDACED0027B500 /* LaunchScreen.storyboard */; };
		E760584F20FDACED0027B500 /* main.m in Sources */ = {isa = PBXBuildFile; fileRef = E760584E20FDACED0027B500 /* main.m */; };
/* End PBXBuildFile section */

/* Begin PBXFileReference section */
		C2196CA92116410500B7D220 /* ACTableViewCell.h */ = {isa = PBXFileReference; lastKnownFileType = sourcecode.c.h; path = ACTableViewCell.h; sourceTree = "<group>"; };
		C2196CAA2116410500B7D220 /* ACTableViewCell.m */ = {isa = PBXFileReference; lastKnownFileType = sourcecode.c.objc; path = ACTableViewCell.m; sourceTree = "<group>"; };
		C260EC5C211590C1004D88D5 /* CTviewcontroller.h */ = {isa = PBXFileReference; lastKnownFileType = sourcecode.c.h; path = CTviewcontroller.h; sourceTree = "<group>"; };
		C260EC5D211590C1004D88D5 /* CTviewcontroller.m */ = {isa = PBXFileReference; lastKnownFileType = sourcecode.c.objc; path = CTviewcontroller.m; sourceTree = "<group>"; };
		C260EC602115918E004D88D5 /* Hviewcontroller.h */ = {isa = PBXFileReference; lastKnownFileType = sourcecode.c.h; path = Hviewcontroller.h; sourceTree = "<group>"; };
		C260EC612115918E004D88D5 /* Hviewcontroller.m */ = {isa = PBXFileReference; lastKnownFileType = sourcecode.c.objc; path = Hviewcontroller.m; sourceTree = "<group>"; };
		C260EC64211634BD004D88D5 /* ACviewcontroller.h */ = {isa = PBXFileReference; lastKnownFileType = sourcecode.c.h; path = ACviewcontroller.h; sourceTree = "<group>"; };
		C260EC65211634BD004D88D5 /* ACviewcontroller.m */ = {isa = PBXFileReference; lastKnownFileType = sourcecode.c.objc; path = ACviewcontroller.m; sourceTree = "<group>"; };
		E702ADB021103D5400C34D71 /* MHViewController.h */ = {isa = PBXFileReference; lastKnownFileType = sourcecode.c.h; path = MHViewController.h; sourceTree = "<group>"; };
		E702ADB121103D5500C34D71 /* MHViewController.m */ = {isa = PBXFileReference; lastKnownFileType = sourcecode.c.objc; path = MHViewController.m; sourceTree = "<group>"; };
		E702ADB3211040A800C34D71 /* BIviewcontroller.h */ = {isa = PBXFileReference; lastKnownFileType = sourcecode.c.h; path = BIviewcontroller.h; sourceTree = "<group>"; };
		E702ADB4211040A800C34D71 /* BIviewcontroller.m */ = {isa = PBXFileReference; lastKnownFileType = sourcecode.c.objc; path = BIviewcontroller.m; sourceTree = "<group>"; };
		E707F865210EF3C3007109EF /* TextViewUI.h */ = {isa = PBXFileReference; lastKnownFileType = sourcecode.c.h; path = TextViewUI.h; sourceTree = "<group>"; };
		E707F866210EF3C3007109EF /* TextViewUI.m */ = {isa = PBXFileReference; lastKnownFileType = sourcecode.c.objc; path = TextViewUI.m; sourceTree = "<group>"; };
		E760583C20FDACED0027B500 /* InfoHub2.app */ = {isa = PBXFileReference; explicitFileType = wrapper.application; includeInIndex = 0; path = InfoHub2.app; sourceTree = BUILT_PRODUCTS_DIR; };
		E760583F20FDACED0027B500 /* AppDelegate.h */ = {isa = PBXFileReference; lastKnownFileType = sourcecode.c.h; path = AppDelegate.h; sourceTree = "<group>"; };
		E760584020FDACED0027B500 /* AppDelegate.m */ = {isa = PBXFileReference; lastKnownFileType = sourcecode.c.objc; path = AppDelegate.m; sourceTree = "<group>"; };
		E760584220FDACED0027B500 /* ViewController.h */ = {isa = PBXFileReference; lastKnownFileType = sourcecode.c.h; path = ViewController.h; sourceTree = "<group>"; };
		E760584320FDACED0027B500 /* ViewController.m */ = {isa = PBXFileReference; lastKnownFileType = sourcecode.c.objc; path = ViewController.m; sourceTree = "<group>"; };
		E760584620FDACED0027B500 /* Base */ = {isa = PBXFileReference; lastKnownFileType = file.storyboard; name = Base; path = Base.lproj/Main.storyboard; sourceTree = "<group>"; };
		E760584820FDACED0027B500 /* Assets.xcassets */ = {isa = PBXFileReference; lastKnownFileType = folder.assetcatalog; path = Assets.xcassets; sourceTree = "<group>"; };
		E760584B20FDACED0027B500 /* Base */ = {isa = PBXFileReference; lastKnownFileType = file.storyboard; name = Base; path = Base.lproj/LaunchScreen.storyboard; sourceTree = "<group>"; };
		E760584D20FDACED0027B500 /* Info.plist */ = {isa = PBXFileReference; lastKnownFileType = text.plist.xml; path = Info.plist; sourceTree = "<group>"; };
		E760584E20FDACED0027B500 /* main.m */ = {isa = PBXFileReference; lastKnownFileType = sourcecode.c.objc; path = main.m; sourceTree = "<group>"; };
/* End PBXFileReference section */

/* Begin PBXFrameworksBuildPhase section */
		E760583920FDACED0027B500 /* Frameworks */ = {
			isa = PBXFrameworksBuildPhase;
			buildActionMask = 2147483647;
			files = (
			);
			runOnlyForDeploymentPostprocessing = 0;
		};
/* End PBXFrameworksBuildPhase section */

/* Begin PBXGroup section */
		C260EC5B2115903C004D88D5 /* Main VCs */ = {
			isa = PBXGroup;
			children = (
				E760584220FDACED0027B500 /* ViewController.h */,
				E760584320FDACED0027B500 /* ViewController.m */,
				E702ADB3211040A800C34D71 /* BIviewcontroller.h */,
				E702ADB4211040A800C34D71 /* BIviewcontroller.m */,
			);
			path = "Main VCs";
			sourceTree = "<group>";
		};
		C260EC5F211590D9004D88D5 /* Calories Tracker */ = {
			isa = PBXGroup;
			children = (
				C260EC5C211590C1004D88D5 /* CTviewcontroller.h */,
				C260EC5D211590C1004D88D5 /* CTviewcontroller.m */,
			);
			path = "Calories Tracker";
			sourceTree = "<group>";
		};
		C260EC6321159196004D88D5 /* Home VC */ = {
			isa = PBXGroup;
			children = (
				C260EC602115918E004D88D5 /* Hviewcontroller.h */,
				C260EC612115918E004D88D5 /* Hviewcontroller.m */,
			);
			path = "Home VC";
			sourceTree = "<group>";
		};
		C260EC67211634C2004D88D5 /* Add calories VC */ = {
			isa = PBXGroup;
			children = (
				C2196CA92116410500B7D220 /* ACTableViewCell.h */,
				C2196CAA2116410500B7D220 /* ACTableViewCell.m */,
				C260EC64211634BD004D88D5 /* ACviewcontroller.h */,
				C260EC65211634BD004D88D5 /* ACviewcontroller.m */,
			);
			path = "Add calories VC";
			sourceTree = "<group>";
		};
		E760583320FDACED0027B500 = {
			isa = PBXGroup;
			children = (
				E760583E20FDACED0027B500 /* InfoHub2 */,
				E760583D20FDACED0027B500 /* Products */,
			);
			sourceTree = "<group>";
		};
		E760583D20FDACED0027B500 /* Products */ = {
			isa = PBXGroup;
			children = (
				E760583C20FDACED0027B500 /* InfoHub2.app */,
			);
			name = Products;
			sourceTree = "<group>";
		};
		E760583E20FDACED0027B500 /* InfoHub2 */ = {
			isa = PBXGroup;
			children = (
				E760583F20FDACED0027B500 /* AppDelegate.h */,
				E760584020FDACED0027B500 /* AppDelegate.m */,
				C260EC5F211590D9004D88D5 /* Calories Tracker */,
				C260EC5B2115903C004D88D5 /* Main VCs */,
				C260EC6321159196004D88D5 /* Home VC */,
				E702ADB021103D5400C34D71 /* MHViewController.h */,
				E760584520FDACED0027B500 /* Main.storyboard */,
				C260EC67211634C2004D88D5 /* Add calories VC */,
				E702ADB121103D5500C34D71 /* MHViewController.m */,
				E707F865210EF3C3007109EF /* TextViewUI.h */,
				E707F866210EF3C3007109EF /* TextViewUI.m */,
				E760584820FDACED0027B500 /* Assets.xcassets */,
				E760584A20FDACED0027B500 /* LaunchScreen.storyboard */,
				E760584D20FDACED0027B500 /* Info.plist */,
				E760584E20FDACED0027B500 /* main.m */,
			);
			path = InfoHub2;
			sourceTree = "<group>";
		};
/* End PBXGroup section */

/* Begin PBXNativeTarget section */
		E760583B20FDACED0027B500 /* InfoHub2 */ = {
			isa = PBXNativeTarget;
			buildConfigurationList = E760585220FDACED0027B500 /* Build configuration list for PBXNativeTarget "InfoHub2" */;
			buildPhases = (
				E760583820FDACED0027B500 /* Sources */,
				E760583920FDACED0027B500 /* Frameworks */,
				E760583A20FDACED0027B500 /* Resources */,
			);
			buildRules = (
			);
			dependencies = (
			);
			name = InfoHub2;
			productName = InfoHub2;
			productReference = E760583C20FDACED0027B500 /* InfoHub2.app */;
			productType = "com.apple.product-type.application";
		};
/* End PBXNativeTarget section */

/* Begin PBXProject section */
		E760583420FDACED0027B500 /* Project object */ = {
			isa = PBXProject;
			attributes = {
				LastUpgradeCheck = 0920;
				ORGANIZATIONNAME = BR;
				TargetAttributes = {
					E760583B20FDACED0027B500 = {
						CreatedOnToolsVersion = 9.2;
						ProvisioningStyle = Automatic;
					};
				};
			};
			buildConfigurationList = E760583720FDACED0027B500 /* Build configuration list for PBXProject "InfoHub2" */;
			compatibilityVersion = "Xcode 8.0";
			developmentRegion = en;
			hasScannedForEncodings = 0;
			knownRegions = (
				en,
				Base,
			);
			mainGroup = E760583320FDACED0027B500;
			productRefGroup = E760583D20FDACED0027B500 /* Products */;
			projectDirPath = "";
			projectRoot = "";
			targets = (
				E760583B20FDACED0027B500 /* InfoHub2 */,
			);
		};
/* End PBXProject section */

/* Begin PBXResourcesBuildPhase section */
		E760583A20FDACED0027B500 /* Resources */ = {
			isa = PBXResourcesBuildPhase;
			buildActionMask = 2147483647;
			files = (
				E760584C20FDACED0027B500 /* LaunchScreen.storyboard in Resources */,
				E760584920FDACED0027B500 /* Assets.xcassets in Resources */,
				E760584720FDACED0027B500 /* Main.storyboard in Resources */,
			);
			runOnlyForDeploymentPostprocessing = 0;
		};
/* End PBXResourcesBuildPhase section */

/* Begin PBXSourcesBuildPhase section */
		E760583820FDACED0027B500 /* Sources */ = {
			isa = PBXSourcesBuildPhase;
			buildActionMask = 2147483647;
			files = (
				E702ADB221103D5500C34D71 /* MHViewController.m in Sources */,
				E760584420FDACED0027B500 /* ViewController.m in Sources */,
				C260EC66211634BD004D88D5 /* ACviewcontroller.m in Sources */,
				C2196CAB2116410500B7D220 /* ACTableViewCell.m in Sources */,
				C260EC5E211590C1004D88D5 /* CTviewcontroller.m in Sources */,
				C260EC622115918E004D88D5 /* Hviewcontroller.m in Sources */,
				E707F867210EF3C3007109EF /* TextViewUI.m in Sources */,
				E702ADB5211040A800C34D71 /* BIviewcontroller.m in Sources */,
				E760584F20FDACED0027B500 /* main.m in Sources */,
				E760584120FDACED0027B500 /* AppDelegate.m in Sources */,
			);
			runOnlyForDeploymentPostprocessing = 0;
		};
/* End PBXSourcesBuildPhase section */

/* Begin PBXVariantGroup section */
		E760584520FDACED0027B500 /* Main.storyboard */ = {
			isa = PBXVariantGroup;
			children = (
				E760584620FDACED0027B500 /* Base */,
			);
			name = Main.storyboard;
			sourceTree = "<group>";
		};
		E760584A20FDACED0027B500 /* LaunchScreen.storyboard */ = {
			isa = PBXVariantGroup;
			children = (
				E760584B20FDACED0027B500 /* Base */,
			);
			name = LaunchScreen.storyboard;
			sourceTree = "<group>";
		};
/* End PBXVariantGroup section */

/* Begin XCBuildConfiguration section */
		E760585020FDACED0027B500 /* Debug */ = {
			isa = XCBuildConfiguration;
			buildSettings = {
				ALWAYS_SEARCH_USER_PATHS = NO;
				CLANG_ANALYZER_NONNULL = YES;
				CLANG_ANALYZER_NUMBER_OBJECT_CONVERSION = YES_AGGRESSIVE;
				CLANG_CXX_LANGUAGE_STANDARD = "gnu++14";
				CLANG_CXX_LIBRARY = "libc++";
				CLANG_ENABLE_MODULES = YES;
				CLANG_ENABLE_OBJC_ARC = YES;
				CLANG_WARN_BLOCK_CAPTURE_AUTORELEASING = YES;
				CLANG_WARN_BOOL_CONVERSION = YES;
				CLANG_WARN_COMMA = YES;
				CLANG_WARN_CONSTANT_CONVERSION = YES;
				CLANG_WARN_DIRECT_OBJC_ISA_USAGE = YES_ERROR;
				CLANG_WARN_DOCUMENTATION_COMMENTS = YES;
				CLANG_WARN_EMPTY_BODY = YES;
				CLANG_WARN_ENUM_CONVERSION = YES;
				CLANG_WARN_INFINITE_RECURSION = YES;
				CLANG_WARN_INT_CONVERSION = YES;
				CLANG_WARN_NON_LITERAL_NULL_CONVERSION = YES;
				CLANG_WARN_OBJC_LITERAL_CONVERSION = YES;
				CLANG_WARN_OBJC_ROOT_CLASS = YES_ERROR;
				CLANG_WARN_RANGE_LOOP_ANALYSIS = YES;
				CLANG_WARN_STRICT_PROTOTYPES = YES;
				CLANG_WARN_SUSPICIOUS_MOVE = YES;
				CLANG_WARN_UNGUARDED_AVAILABILITY = YES_AGGRESSIVE;
				CLANG_WARN_UNREACHABLE_CODE = YES;
				CLANG_WARN__DUPLICATE_METHOD_MATCH = YES;
				CODE_SIGN_IDENTITY = "iPhone Developer";
				COPY_PHASE_STRIP = NO;
				DEBUG_INFORMATION_FORMAT = dwarf;
				ENABLE_STRICT_OBJC_MSGSEND = YES;
				ENABLE_TESTABILITY = YES;
				GCC_C_LANGUAGE_STANDARD = gnu11;
				GCC_DYNAMIC_NO_PIC = NO;
				GCC_NO_COMMON_BLOCKS = YES;
				GCC_OPTIMIZATION_LEVEL = 0;
				GCC_PREPROCESSOR_DEFINITIONS = (
					"DEBUG=1",
					"$(inherited)",
				);
				GCC_WARN_64_TO_32_BIT_CONVERSION = YES;
				GCC_WARN_ABOUT_RETURN_TYPE = YES_ERROR;
				GCC_WARN_UNDECLARED_SELECTOR = YES;
				GCC_WARN_UNINITIALIZED_AUTOS = YES_AGGRESSIVE;
				GCC_WARN_UNUSED_FUNCTION = YES;
				GCC_WARN_UNUSED_VARIABLE = YES;
				IPHONEOS_DEPLOYMENT_TARGET = 11.2;
				MTL_ENABLE_DEBUG_INFO = YES;
				ONLY_ACTIVE_ARCH = YES;
				SDKROOT = iphoneos;
			};
			name = Debug;
		};
		E760585120FDACED0027B500 /* Release */ = {
			isa = XCBuildConfiguration;
			buildSettings = {
				ALWAYS_SEARCH_USER_PATHS = NO;
				CLANG_ANALYZER_NONNULL = YES;
				CLANG_ANALYZER_NUMBER_OBJECT_CONVERSION = YES_AGGRESSIVE;
				CLANG_CXX_LANGUAGE_STANDARD = "gnu++14";
				CLANG_CXX_LIBRARY = "libc++";
				CLANG_ENABLE_MODULES = YES;
				CLANG_ENABLE_OBJC_ARC = YES;
				CLANG_WARN_BLOCK_CAPTURE_AUTORELEASING = YES;
				CLANG_WARN_BOOL_CONVERSION = YES;
				CLANG_WARN_COMMA = YES;
				CLANG_WARN_CONSTANT_CONVERSION = YES;
				CLANG_WARN_DIRECT_OBJC_ISA_USAGE = YES_ERROR;
				CLANG_WARN_DOCUMENTATION_COMMENTS = YES;
				CLANG_WARN_EMPTY_BODY = YES;
				CLANG_WARN_ENUM_CONVERSION = YES;
				CLANG_WARN_INFINITE_RECURSION = YES;
				CLANG_WARN_INT_CONVERSION = YES;
				CLANG_WARN_NON_LITERAL_NULL_CONVERSION = YES;
				CLANG_WARN_OBJC_LITERAL_CONVERSION = YES;
				CLANG_WARN_OBJC_ROOT_CLASS = YES_ERROR;
				CLANG_WARN_RANGE_LOOP_ANALYSIS = YES;
				CLANG_WARN_STRICT_PROTOTYPES = YES;
				CLANG_WARN_SUSPICIOUS_MOVE = YES;
				CLANG_WARN_UNGUARDED_AVAILABILITY = YES_AGGRESSIVE;
				CLANG_WARN_UNREACHABLE_CODE = YES;
				CLANG_WARN__DUPLICATE_METHOD_MATCH = YES;
				CODE_SIGN_IDENTITY = "iPhone Developer";
				COPY_PHASE_STRIP = NO;
				DEBUG_INFORMATION_FORMAT = "dwarf-with-dsym";
				ENABLE_NS_ASSERTIONS = NO;
				ENABLE_STRICT_OBJC_MSGSEND = YES;
				GCC_C_LANGUAGE_STANDARD = gnu11;
				GCC_NO_COMMON_BLOCKS = YES;
				GCC_WARN_64_TO_32_BIT_CONVERSION = YES;
				GCC_WARN_ABOUT_RETURN_TYPE = YES_ERROR;
				GCC_WARN_UNDECLARED_SELECTOR = YES;
				GCC_WARN_UNINITIALIZED_AUTOS = YES_AGGRESSIVE;
				GCC_WARN_UNUSED_FUNCTION = YES;
				GCC_WARN_UNUSED_VARIABLE = YES;
				IPHONEOS_DEPLOYMENT_TARGET = 11.2;
				MTL_ENABLE_DEBUG_INFO = NO;
				SDKROOT = iphoneos;
				VALIDATE_PRODUCT = YES;
			};
			name = Release;
		};
		E760585320FDACED0027B500 /* Debug */ = {
			isa = XCBuildConfiguration;
			buildSettings = {
				ASSETCATALOG_COMPILER_APPICON_NAME = AppIcon;
				CODE_SIGN_STYLE = Automatic;
				DEVELOPMENT_TEAM = LCU2BW8PFD;
				INFOPLIST_FILE = InfoHub2/Info.plist;
				LD_RUNPATH_SEARCH_PATHS = "$(inherited) @executable_path/Frameworks";
				PRODUCT_BUNDLE_IDENTIFIER = BR.InfoHub2;
				PRODUCT_NAME = "$(TARGET_NAME)";
				TARGETED_DEVICE_FAMILY = "1,2";
			};
			name = Debug;
		};
		E760585420FDACED0027B500 /* Release */ = {
			isa = XCBuildConfiguration;
			buildSettings = {
				ASSETCATALOG_COMPILER_APPICON_NAME = AppIcon;
				CODE_SIGN_STYLE = Automatic;
				DEVELOPMENT_TEAM = LCU2BW8PFD;
				INFOPLIST_FILE = InfoHub2/Info.plist;
				LD_RUNPATH_SEARCH_PATHS = "$(inherited) @executable_path/Frameworks";
				PRODUCT_BUNDLE_IDENTIFIER = BR.InfoHub2;
				PRODUCT_NAME = "$(TARGET_NAME)";
				TARGETED_DEVICE_FAMILY = "1,2";
			};
			name = Release;
		};
/* End XCBuildConfiguration section */

/* Begin XCConfigurationList section */
		E760583720FDACED0027B500 /* Build configuration list for PBXProject "InfoHub2" */ = {
			isa = XCConfigurationList;
			buildConfigurations = (
				E760585020FDACED0027B500 /* Debug */,
				E760585120FDACED0027B500 /* Release */,
			);
			defaultConfigurationIsVisible = 0;
			defaultConfigurationName = Release;
		};
		E760585220FDACED0027B500 /* Build configuration list for PBXNativeTarget "InfoHub2" */ = {
			isa = XCConfigurationList;
			buildConfigurations = (
				E760585320FDACED0027B500 /* Debug */,
				E760585420FDACED0027B500 /* Release */,
			);
			defaultConfigurationIsVisible = 0;
			defaultConfigurationName = Release;
		};
/* End XCConfigurationList section */
	};
	rootObject = E760583420FDACED0027B500 /* Project object */;
}
